Microsoft Visual Studio Solution File, Format Version 12.00
# Visual Studio Version 17
VisualStudioVersion = 17.5.2.0
MinimumVisualStudioVersion = 10.0.40219.1
Project("{FAE04EC0-301F-11D3-BF4B-00C04F79EFBC}") = "BugFixer.Web", "BugFixer.Web.csproj", "{BA04DA32-9C4D-B404-06A4-953841D16833}"
EndProject
Global
	GlobalSection(SolutionConfigurationPlatforms) = preSolution
		Debug|Any CPU = Debug|Any CPU
		Release|Any CPU = Release|Any CPU
	EndGlobalSection
	GlobalSection(ProjectConfigurationPlatforms) = postSolution
		{BA04DA32-9C4D-B404-06A4-953841D16833}.Debug|Any CPU.ActiveCfg = Debug|Any CPU
		{BA04DA32-9C4D-B404-06A4-953841D16833}.Debug|Any CPU.Build.0 = Debug|Any CPU
		{BA04DA32-9C4D-B404-06A4-953841D16833}.Release|Any CPU.ActiveCfg = Release|Any CPU
		{BA04DA32-9C4D-B404-06A4-953841D16833}.Release|Any CPU.Build.0 = Release|Any CPU
	EndGlobalSection
	GlobalSection(SolutionProperties) = preSolution
		HideSolutionNode = FALSE
	EndGlobalSection
	GlobalSection(ExtensibilityGlobals) = postSolution
		SolutionGuid = {3F84F711-4B13-4648-84D6-3AE5AF06BC6F}
	EndGlobalSection
EndGlobal
